
Microsoft Visual Studio Solution File, Format Version 12.00
# Visual Studio Version 17
VisualStudioVersion = 17.1.32421.90
MinimumVisualStudioVersion = 10.0.40219.1
Project("{6EC3EE1D-3C4E-46DD-8F32-0CC8E7565705}") = "Deedle", "src\Deedle\Deedle.fsproj", "{22729065-4C30-4E43-A63F-4F3338A03878}"
EndProject
Project("{6EC3EE1D-3C4E-46DD-8F32-0CC8E7565705}") = "Deedle.Excel", "src\Deedle.Excel\Deedle.Excel.fsproj", "{8C50057D-29EF-41AD-B91A-84B49CDBD047}"
EndProject
Project("{6EC3EE1D-3C4E-46DD-8F32-0CC8E7565705}") = "Deedle.MathNetNumerics", "src\Deedle.MathNetNumerics\Deedle.MathNetNumerics.fsproj", "{62ED9851-0A38-43DF-8C35-78F84EB13CB9}"
EndProject
Project("{6EC3EE1D-3C4E-46DD-8F32-0CC8E7565705}") = "Deedle.Tests", "tests\Deedle.Tests\Deedle.Tests.fsproj", "{EBB029E4-6898-4C48-8A0F-694D8B29475E}"
EndProject
Project("{6EC3EE1D-3C4E-46DD-8F32-0CC8E7565705}") = "Deedle.MathNetNumerics.Tests", "tests\Deedle.MathNetNumerics.Tests\Deedle.MathNetNumerics.Tests.fsproj", "{AD811C67-091A-4B03-A483-9FA3B1A8CE55}"
EndProject
Project("{6EC3EE1D-3C4E-46DD-8F32-0CC8E7565705}") = "Deedle.DotNetInteractive", "src\Deedle.DotNetInteractive\Deedle.DotNetInteractive.fsproj", "{D71C0930-C2A3-4EDF-82A9-9EE6B431EC0D}"
EndProject
Project("{FAE04EC0-301F-11D3-BF4B-00C04F79EFBC}") = "Deedle.CSharp.Tests", "tests\Deedle.CSharp.Tests\Deedle.CSharp.Tests.csproj", "{B0584275-6E9D-4DB8-A35D-4F37B623F97E}"
EndProject
Project("{6EC3EE1D-3C4E-46DD-8F32-0CC8E7565705}") = "Deedle.Arrow", "src\Deedle.Arrow\Deedle.Arrow.fsproj", "{A1B2C3D4-E5F6-7890-ABCD-EF1234567890}"
EndProject
Project("{6EC3EE1D-3C4E-46DD-8F32-0CC8E7565705}") = "Deedle.Arrow.Tests", "tests\Deedle.Arrow.Tests\Deedle.Arrow.Tests.fsproj", "{B2C3D4E5-F6A7-8901-BCDE-F12345678901}"
EndProject
Project("{6EC3EE1D-3C4E-46DD-8F32-0CC8E7565705}") = "Deedle.MicrosoftML", "src\Deedle.MicrosoftML\Deedle.MicrosoftML.fsproj", "{C3D4E5F6-A7B8-9012-CDEF-012345678901}"
EndProject
Project("{6EC3EE1D-3C4E-46DD-8F32-0CC8E7565705}") = "Deedle.MicrosoftML.Tests", "tests\Deedle.MicrosoftML.Tests\Deedle.MicrosoftML.Tests.fsproj", "{B1C2D3E4-F5A6-7890-BCDE-F01234567891}"
EndProject
Project("{2150E333-8FDC-42A3-9474-1A3956D46DE8}") = "src", "src", "{F4B0E327-78A9-4007-8DEE-74F2E880803A}"
EndProject
Project("{F2A71F9B-5D33-465A-A702-920D77279786}") = "Deedle.ExcelReader", "src\Deedle.ExcelReader\Deedle.ExcelReader.fsproj", "{EDF1025A-5190-41F9-A68A-532F8AFE3185}"
EndProject
Project("{F2A71F9B-5D33-465A-A702-920D77279786}") = "Deedle.ExcelWriter", "src\Deedle.ExcelWriter\Deedle.ExcelWriter.fsproj", "{A2B3C4D5-E6F7-8901-BCDE-F23456789012}"
EndProject
Project("{2150E333-8FDC-42A3-9474-1A3956D46DE8}") = "tests", "tests", "{B4B13E8F-584F-4F77-A6E1-7649C990CBE5}"
EndProject
Project("{F2A71F9B-5D33-465A-A702-920D77279786}") = "Deedle.ExcelReader.Tests", "tests\Deedle.ExcelReader.Tests\Deedle.ExcelReader.Tests.fsproj", "{76702DFC-4680-4CBC-9DE9-CD891B72B4C6}"
EndProject
Project("{F2A71F9B-5D33-465A-A702-920D77279786}") = "Deedle.ExcelWriter.Tests", "tests\Deedle.ExcelWriter.Tests\Deedle.ExcelWriter.Tests.fsproj", "{C4D5E6F7-A8B9-0123-CDEF-034567890123}"
EndProject
Project("{F2A71F9B-5D33-465A-A702-920D77279786}") = "Deedle.Benchmarks", "tests\Deedle.Benchmarks\Deedle.Benchmarks.fsproj", "{F5325A92-11C7-42E1-843A-5DB83814EA24}"
EndProject
Project("{F2A71F9B-5D33-465A-A702-920D77279786}") = "Deedle.Parquet", "src\Deedle.Parquet\Deedle.Parquet.fsproj", "{43725D72-92C2-458F-B7CB-29705726DF77}"
EndProject
Project("{F2A71F9B-5D33-465A-A702-920D77279786}") = "Deedle.Parquet.Tests", "tests\Deedle.Parquet.Tests\Deedle.Parquet.Tests.fsproj", "{30A143A9-F818-45A5-A893-0AAEEE8A3DCF}"
EndProject
Global
	GlobalSection(SolutionConfigurationPlatforms) = preSolution
		Debug|Any CPU = Debug|Any CPU
		Debug|x64 = Debug|x64
		Debug|x86 = Debug|x86
		Release|Any CPU = Release|Any CPU
		Release|x64 = Release|x64
		Release|x86 = Release|x86
	EndGlobalSection
	GlobalSection(ProjectConfigurationPlatforms) = postSolution
		{22729065-4C30-4E43-A63F-4F3338A03878}.Debug|Any CPU.ActiveCfg = Debug|Any CPU
		{22729065-4C30-4E43-A63F-4F3338A03878}.Debug|Any CPU.Build.0 = Debug|Any CPU
		{22729065-4C30-4E43-A63F-4F3338A03878}.Debug|x64.ActiveCfg = Debug|Any CPU
		{22729065-4C30-4E43-A63F-4F3338A03878}.Debug|x64.Build.0 = Debug|Any CPU
		{22729065-4C30-4E43-A63F-4F3338A03878}.Debug|x86.ActiveCfg = Debug|Any CPU
		{22729065-4C30-4E43-A63F-4F3338A03878}.Debug|x86.Build.0 = Debug|Any CPU
		{22729065-4C30-4E43-A63F-4F3338A03878}.Release|Any CPU.ActiveCfg = Release|Any CPU
		{22729065-4C30-4E43-A63F-4F3338A03878}.Release|Any CPU.Build.0 = Release|Any CPU
		{22729065-4C30-4E43-A63F-4F3338A03878}.Release|x64.ActiveCfg = Release|Any CPU
		{22729065-4C30-4E43-A63F-4F3338A03878}.Release|x64.Build.0 = Release|Any CPU
		{22729065-4C30-4E43-A63F-4F3338A03878}.Release|x86.ActiveCfg = Release|Any CPU
		{22729065-4C30-4E43-A63F-4F3338A03878}.Release|x86.Build.0 = Release|Any CPU
		{8C50057D-29EF-41AD-B91A-84B49CDBD047}.Debug|Any CPU.ActiveCfg = Debug|Any CPU
		{8C50057D-29EF-41AD-B91A-84B49CDBD047}.Debug|Any CPU.Build.0 = Debug|Any CPU
		{8C50057D-29EF-41AD-B91A-84B49CDBD047}.Debug|x64.ActiveCfg = Debug|Any CPU
		{8C50057D-29EF-41AD-B91A-84B49CDBD047}.Debug|x64.Build.0 = Debug|Any CPU
		{8C50057D-29EF-41AD-B91A-84B49CDBD047}.Debug|x86.ActiveCfg = Debug|Any CPU
		{8C50057D-29EF-41AD-B91A-84B49CDBD047}.Debug|x86.Build.0 = Debug|Any CPU
		{8C50057D-29EF-41AD-B91A-84B49CDBD047}.Release|Any CPU.ActiveCfg = Release|Any CPU
		{8C50057D-29EF-41AD-B91A-84B49CDBD047}.Release|Any CPU.Build.0 = Release|Any CPU
		{8C50057D-29EF-41AD-B91A-84B49CDBD047}.Release|x64.ActiveCfg = Release|Any CPU
		{8C50057D-29EF-41AD-B91A-84B49CDBD047}.Release|x64.Build.0 = Release|Any CPU
		{8C50057D-29EF-41AD-B91A-84B49CDBD047}.Release|x86.ActiveCfg = Release|Any CPU
		{8C50057D-29EF-41AD-B91A-84B49CDBD047}.Release|x86.Build.0 = Release|Any CPU
		{62ED9851-0A38-43DF-8C35-78F84EB13CB9}.Debug|Any CPU.ActiveCfg = Debug|Any CPU
		{62ED9851-0A38-43DF-8C35-78F84EB13CB9}.Debug|Any CPU.Build.0 = Debug|Any CPU
		{62ED9851-0A38-43DF-8C35-78F84EB13CB9}.Debug|x64.ActiveCfg = Debug|Any CPU
		{62ED9851-0A38-43DF-8C35-78F84EB13CB9}.Debug|x64.Build.0 = Debug|Any CPU
		{62ED9851-0A38-43DF-8C35-78F84EB13CB9}.Debug|x86.ActiveCfg = Debug|Any CPU
		{62ED9851-0A38-43DF-8C35-78F84EB13CB9}.Debug|x86.Build.0 = Debug|Any CPU
		{62ED9851-0A38-43DF-8C35-78F84EB13CB9}.Release|Any CPU.ActiveCfg = Release|Any CPU
		{62ED9851-0A38-43DF-8C35-78F84EB13CB9}.Release|Any CPU.Build.0 = Release|Any CPU
		{62ED9851-0A38-43DF-8C35-78F84EB13CB9}.Release|x64.ActiveCfg = Release|Any CPU
		{62ED9851-0A38-43DF-8C35-78F84EB13CB9}.Release|x64.Build.0 = Release|Any CPU
		{62ED9851-0A38-43DF-8C35-78F84EB13CB9}.Release|x86.ActiveCfg = Release|Any CPU
		{62ED9851-0A38-43DF-8C35-78F84EB13CB9}.Release|x86.Build.0 = Release|Any CPU
		{EBB029E4-6898-4C48-8A0F-694D8B29475E}.Debug|Any CPU.ActiveCfg = Debug|Any CPU
		{EBB029E4-6898-4C48-8A0F-694D8B29475E}.Debug|Any CPU.Build.0 = Debug|Any CPU
		{EBB029E4-6898-4C48-8A0F-694D8B29475E}.Debug|x64.ActiveCfg = Debug|Any CPU
		{EBB029E4-6898-4C48-8A0F-694D8B29475E}.Debug|x64.Build.0 = Debug|Any CPU
		{EBB029E4-6898-4C48-8A0F-694D8B29475E}.Debug|x86.ActiveCfg = Debug|Any CPU
		{EBB029E4-6898-4C48-8A0F-694D8B29475E}.Debug|x86.Build.0 = Debug|Any CPU
		{EBB029E4-6898-4C48-8A0F-694D8B29475E}.Release|Any CPU.ActiveCfg = Release|Any CPU
		{EBB029E4-6898-4C48-8A0F-694D8B29475E}.Release|Any CPU.Build.0 = Release|Any CPU
		{EBB029E4-6898-4C48-8A0F-694D8B29475E}.Release|x64.ActiveCfg = Release|Any CPU
		{EBB029E4-6898-4C48-8A0F-694D8B29475E}.Release|x64.Build.0 = Release|Any CPU
		{EBB029E4-6898-4C48-8A0F-694D8B29475E}.Release|x86.ActiveCfg = Release|Any CPU
		{EBB029E4-6898-4C48-8A0F-694D8B29475E}.Release|x86.Build.0 = Release|Any CPU
		{AD811C67-091A-4B03-A483-9FA3B1A8CE55}.Debug|Any CPU.ActiveCfg = Debug|Any CPU
		{AD811C67-091A-4B03-A483-9FA3B1A8CE55}.Debug|Any CPU.Build.0 = Debug|Any CPU
		{AD811C67-091A-4B03-A483-9FA3B1A8CE55}.Debug|x64.ActiveCfg = Debug|Any CPU
		{AD811C67-091A-4B03-A483-9FA3B1A8CE55}.Debug|x64.Build.0 = Debug|Any CPU
		{AD811C67-091A-4B03-A483-9FA3B1A8CE55}.Debug|x86.ActiveCfg = Debug|Any CPU
		{AD811C67-091A-4B03-A483-9FA3B1A8CE55}.Debug|x86.Build.0 = Debug|Any CPU
		{AD811C67-091A-4B03-A483-9FA3B1A8CE55}.Release|Any CPU.ActiveCfg = Release|Any CPU
		{AD811C67-091A-4B03-A483-9FA3B1A8CE55}.Release|Any CPU.Build.0 = Release|Any CPU
		{AD811C67-091A-4B03-A483-9FA3B1A8CE55}.Release|x64.ActiveCfg = Release|Any CPU
		{AD811C67-091A-4B03-A483-9FA3B1A8CE55}.Release|x64.Build.0 = Release|Any CPU
		{AD811C67-091A-4B03-A483-9FA3B1A8CE55}.Release|x86.ActiveCfg = Release|Any CPU
		{AD811C67-091A-4B03-A483-9FA3B1A8CE55}.Release|x86.Build.0 = Release|Any CPU
		{D71C0930-C2A3-4EDF-82A9-9EE6B431EC0D}.Debug|Any CPU.ActiveCfg = Debug|Any CPU
		{D71C0930-C2A3-4EDF-82A9-9EE6B431EC0D}.Debug|Any CPU.Build.0 = Debug|Any CPU
		{D71C0930-C2A3-4EDF-82A9-9EE6B431EC0D}.Debug|x64.ActiveCfg = Debug|Any CPU
		{D71C0930-C2A3-4EDF-82A9-9EE6B431EC0D}.Debug|x64.Build.0 = Debug|Any CPU
		{D71C0930-C2A3-4EDF-82A9-9EE6B431EC0D}.Debug|x86.ActiveCfg = Debug|Any CPU
		{D71C0930-C2A3-4EDF-82A9-9EE6B431EC0D}.Debug|x86.Build.0 = Debug|Any CPU
		{D71C0930-C2A3-4EDF-82A9-9EE6B431EC0D}.Release|Any CPU.ActiveCfg = Release|Any CPU
		{D71C0930-C2A3-4EDF-82A9-9EE6B431EC0D}.Release|Any CPU.Build.0 = Release|Any CPU
		{D71C0930-C2A3-4EDF-82A9-9EE6B431EC0D}.Release|x64.ActiveCfg = Release|Any CPU
		{D71C0930-C2A3-4EDF-82A9-9EE6B431EC0D}.Release|x64.Build.0 = Release|Any CPU
		{D71C0930-C2A3-4EDF-82A9-9EE6B431EC0D}.Release|x86.ActiveCfg = Release|Any CPU
		{D71C0930-C2A3-4EDF-82A9-9EE6B431EC0D}.Release|x86.Build.0 = Release|Any CPU
		{B0584275-6E9D-4DB8-A35D-4F37B623F97E}.Debug|Any CPU.ActiveCfg = Debug|Any CPU
		{B0584275-6E9D-4DB8-A35D-4F37B623F97E}.Debug|Any CPU.Build.0 = Debug|Any CPU
		{B0584275-6E9D-4DB8-A35D-4F37B623F97E}.Debug|x64.ActiveCfg = Debug|Any CPU
		{B0584275-6E9D-4DB8-A35D-4F37B623F97E}.Debug|x64.Build.0 = Debug|Any CPU
		{B0584275-6E9D-4DB8-A35D-4F37B623F97E}.Debug|x86.ActiveCfg = Debug|Any CPU
		{B0584275-6E9D-4DB8-A35D-4F37B623F97E}.Debug|x86.Build.0 = Debug|Any CPU
		{B0584275-6E9D-4DB8-A35D-4F37B623F97E}.Release|Any CPU.ActiveCfg = Release|Any CPU
		{B0584275-6E9D-4DB8-A35D-4F37B623F97E}.Release|Any CPU.Build.0 = Release|Any CPU
		{B0584275-6E9D-4DB8-A35D-4F37B623F97E}.Release|x64.ActiveCfg = Release|Any CPU
		{B0584275-6E9D-4DB8-A35D-4F37B623F97E}.Release|x64.Build.0 = Release|Any CPU
		{B0584275-6E9D-4DB8-A35D-4F37B623F97E}.Release|x86.ActiveCfg = Release|Any CPU
		{B0584275-6E9D-4DB8-A35D-4F37B623F97E}.Release|x86.Build.0 = Release|Any CPU
		{A1B2C3D4-E5F6-7890-ABCD-EF1234567890}.Debug|Any CPU.ActiveCfg = Debug|Any CPU
		{A1B2C3D4-E5F6-7890-ABCD-EF1234567890}.Debug|Any CPU.Build.0 = Debug|Any CPU
		{A1B2C3D4-E5F6-7890-ABCD-EF1234567890}.Debug|x64.ActiveCfg = Debug|Any CPU
		{A1B2C3D4-E5F6-7890-ABCD-EF1234567890}.Debug|x64.Build.0 = Debug|Any CPU
		{A1B2C3D4-E5F6-7890-ABCD-EF1234567890}.Debug|x86.ActiveCfg = Debug|Any CPU
		{A1B2C3D4-E5F6-7890-ABCD-EF1234567890}.Debug|x86.Build.0 = Debug|Any CPU
		{A1B2C3D4-E5F6-7890-ABCD-EF1234567890}.Release|Any CPU.ActiveCfg = Release|Any CPU
		{A1B2C3D4-E5F6-7890-ABCD-EF1234567890}.Release|Any CPU.Build.0 = Release|Any CPU
		{A1B2C3D4-E5F6-7890-ABCD-EF1234567890}.Release|x64.ActiveCfg = Release|Any CPU
		{A1B2C3D4-E5F6-7890-ABCD-EF1234567890}.Release|x64.Build.0 = Release|Any CPU
		{A1B2C3D4-E5F6-7890-ABCD-EF1234567890}.Release|x86.ActiveCfg = Release|Any CPU
		{A1B2C3D4-E5F6-7890-ABCD-EF1234567890}.Release|x86.Build.0 = Release|Any CPU
		{B2C3D4E5-F6A7-8901-BCDE-F12345678901}.Debug|Any CPU.ActiveCfg = Debug|Any CPU
		{B2C3D4E5-F6A7-8901-BCDE-F12345678901}.Debug|Any CPU.Build.0 = Debug|Any CPU
		{B2C3D4E5-F6A7-8901-BCDE-F12345678901}.Debug|x64.ActiveCfg = Debug|Any CPU
		{B2C3D4E5-F6A7-8901-BCDE-F12345678901}.Debug|x64.Build.0 = Debug|Any CPU
		{B2C3D4E5-F6A7-8901-BCDE-F12345678901}.Debug|x86.ActiveCfg = Debug|Any CPU
		{B2C3D4E5-F6A7-8901-BCDE-F12345678901}.Debug|x86.Build.0 = Debug|Any CPU
		{B2C3D4E5-F6A7-8901-BCDE-F12345678901}.Release|Any CPU.ActiveCfg = Release|Any CPU
		{B2C3D4E5-F6A7-8901-BCDE-F12345678901}.Release|Any CPU.Build.0 = Release|Any CPU
		{B2C3D4E5-F6A7-8901-BCDE-F12345678901}.Release|x64.ActiveCfg = Release|Any CPU
		{B2C3D4E5-F6A7-8901-BCDE-F12345678901}.Release|x64.Build.0 = Release|Any CPU
		{B2C3D4E5-F6A7-8901-BCDE-F12345678901}.Release|x86.ActiveCfg = Release|Any CPU
		{B2C3D4E5-F6A7-8901-BCDE-F12345678901}.Release|x86.Build.0 = Release|Any CPU
		{C3D4E5F6-A7B8-9012-CDEF-012345678901}.Debug|Any CPU.ActiveCfg = Debug|Any CPU
		{C3D4E5F6-A7B8-9012-CDEF-012345678901}.Debug|Any CPU.Build.0 = Debug|Any CPU
		{C3D4E5F6-A7B8-9012-CDEF-012345678901}.Debug|x64.ActiveCfg = Debug|Any CPU
		{C3D4E5F6-A7B8-9012-CDEF-012345678901}.Debug|x64.Build.0 = Debug|Any CPU
		{C3D4E5F6-A7B8-9012-CDEF-012345678901}.Debug|x86.ActiveCfg = Debug|Any CPU
		{C3D4E5F6-A7B8-9012-CDEF-012345678901}.Debug|x86.Build.0 = Debug|Any CPU
		{C3D4E5F6-A7B8-9012-CDEF-012345678901}.Release|Any CPU.ActiveCfg = Release|Any CPU
		{C3D4E5F6-A7B8-9012-CDEF-012345678901}.Release|Any CPU.Build.0 = Release|Any CPU
		{C3D4E5F6-A7B8-9012-CDEF-012345678901}.Release|x64.ActiveCfg = Release|Any CPU
		{C3D4E5F6-A7B8-9012-CDEF-012345678901}.Release|x64.Build.0 = Release|Any CPU
		{C3D4E5F6-A7B8-9012-CDEF-012345678901}.Release|x86.ActiveCfg = Release|Any CPU
		{C3D4E5F6-A7B8-9012-CDEF-012345678901}.Release|x86.Build.0 = Release|Any CPU
		{B1C2D3E4-F5A6-7890-BCDE-F01234567891}.Debug|Any CPU.ActiveCfg = Debug|Any CPU
		{B1C2D3E4-F5A6-7890-BCDE-F01234567891}.Debug|Any CPU.Build.0 = Debug|Any CPU
		{B1C2D3E4-F5A6-7890-BCDE-F01234567891}.Debug|x64.ActiveCfg = Debug|Any CPU
		{B1C2D3E4-F5A6-7890-BCDE-F01234567891}.Debug|x64.Build.0 = Debug|Any CPU
		{B1C2D3E4-F5A6-7890-BCDE-F01234567891}.Debug|x86.ActiveCfg = Debug|Any CPU
		{B1C2D3E4-F5A6-7890-BCDE-F01234567891}.Debug|x86.Build.0 = Debug|Any CPU
		{B1C2D3E4-F5A6-7890-BCDE-F01234567891}.Release|Any CPU.ActiveCfg = Release|Any CPU
		{B1C2D3E4-F5A6-7890-BCDE-F01234567891}.Release|Any CPU.Build.0 = Release|Any CPU
		{B1C2D3E4-F5A6-7890-BCDE-F01234567891}.Release|x64.ActiveCfg = Release|Any CPU
		{B1C2D3E4-F5A6-7890-BCDE-F01234567891}.Release|x64.Build.0 = Release|Any CPU
		{B1C2D3E4-F5A6-7890-BCDE-F01234567891}.Release|x86.ActiveCfg = Release|Any CPU
		{B1C2D3E4-F5A6-7890-BCDE-F01234567891}.Release|x86.Build.0 = Release|Any CPU
		{EDF1025A-5190-41F9-A68A-532F8AFE3185}.Debug|Any CPU.ActiveCfg = Debug|Any CPU
		{EDF1025A-5190-41F9-A68A-532F8AFE3185}.Debug|Any CPU.Build.0 = Debug|Any CPU
		{EDF1025A-5190-41F9-A68A-532F8AFE3185}.Debug|x64.ActiveCfg = Debug|Any CPU
		{EDF1025A-5190-41F9-A68A-532F8AFE3185}.Debug|x64.Build.0 = Debug|Any CPU
		{EDF1025A-5190-41F9-A68A-532F8AFE3185}.Debug|x86.ActiveCfg = Debug|Any CPU
		{EDF1025A-5190-41F9-A68A-532F8AFE3185}.Debug|x86.Build.0 = Debug|Any CPU
		{EDF1025A-5190-41F9-A68A-532F8AFE3185}.Release|Any CPU.ActiveCfg = Release|Any CPU
		{EDF1025A-5190-41F9-A68A-532F8AFE3185}.Release|Any CPU.Build.0 = Release|Any CPU
		{EDF1025A-5190-41F9-A68A-532F8AFE3185}.Release|x64.ActiveCfg = Release|Any CPU
		{EDF1025A-5190-41F9-A68A-532F8AFE3185}.Release|x64.Build.0 = Release|Any CPU
		{EDF1025A-5190-41F9-A68A-532F8AFE3185}.Release|x86.ActiveCfg = Release|Any CPU
		{EDF1025A-5190-41F9-A68A-532F8AFE3185}.Release|x86.Build.0 = Release|Any CPU
		{76702DFC-4680-4CBC-9DE9-CD891B72B4C6}.Debug|Any CPU.ActiveCfg = Debug|Any CPU
		{76702DFC-4680-4CBC-9DE9-CD891B72B4C6}.Debug|Any CPU.Build.0 = Debug|Any CPU
		{76702DFC-4680-4CBC-9DE9-CD891B72B4C6}.Debug|x64.ActiveCfg = Debug|Any CPU
		{76702DFC-4680-4CBC-9DE9-CD891B72B4C6}.Debug|x64.Build.0 = Debug|Any CPU
		{76702DFC-4680-4CBC-9DE9-CD891B72B4C6}.Debug|x86.ActiveCfg = Debug|Any CPU
		{76702DFC-4680-4CBC-9DE9-CD891B72B4C6}.Debug|x86.Build.0 = Debug|Any CPU
		{76702DFC-4680-4CBC-9DE9-CD891B72B4C6}.Release|Any CPU.ActiveCfg = Release|Any CPU
		{76702DFC-4680-4CBC-9DE9-CD891B72B4C6}.Release|Any CPU.Build.0 = Release|Any CPU
		{76702DFC-4680-4CBC-9DE9-CD891B72B4C6}.Release|x64.ActiveCfg = Release|Any CPU
		{76702DFC-4680-4CBC-9DE9-CD891B72B4C6}.Release|x64.Build.0 = Release|Any CPU
		{76702DFC-4680-4CBC-9DE9-CD891B72B4C6}.Release|x86.ActiveCfg = Release|Any CPU
		{76702DFC-4680-4CBC-9DE9-CD891B72B4C6}.Release|x86.Build.0 = Release|Any CPU
		{F5325A92-11C7-42E1-843A-5DB83814EA24}.Debug|Any CPU.ActiveCfg = Debug|Any CPU
		{F5325A92-11C7-42E1-843A-5DB83814EA24}.Debug|Any CPU.Build.0 = Debug|Any CPU
		{F5325A92-11C7-42E1-843A-5DB83814EA24}.Debug|x64.ActiveCfg = Debug|Any CPU
		{F5325A92-11C7-42E1-843A-5DB83814EA24}.Debug|x64.Build.0 = Debug|Any CPU
		{F5325A92-11C7-42E1-843A-5DB83814EA24}.Debug|x86.ActiveCfg = Debug|Any CPU
		{F5325A92-11C7-42E1-843A-5DB83814EA24}.Debug|x86.Build.0 = Debug|Any CPU
		{F5325A92-11C7-42E1-843A-5DB83814EA24}.Release|Any CPU.ActiveCfg = Release|Any CPU
		{F5325A92-11C7-42E1-843A-5DB83814EA24}.Release|Any CPU.Build.0 = Release|Any CPU
		{F5325A92-11C7-42E1-843A-5DB83814EA24}.Release|x64.ActiveCfg = Release|Any CPU
		{F5325A92-11C7-42E1-843A-5DB83814EA24}.Release|x64.Build.0 = Release|Any CPU
		{F5325A92-11C7-42E1-843A-5DB83814EA24}.Release|x86.ActiveCfg = Release|Any CPU
		{F5325A92-11C7-42E1-843A-5DB83814EA24}.Release|x86.Build.0 = Release|Any CPU
		{43725D72-92C2-458F-B7CB-29705726DF77}.Debug|Any CPU.ActiveCfg = Debug|Any CPU
		{43725D72-92C2-458F-B7CB-29705726DF77}.Debug|Any CPU.Build.0 = Debug|Any CPU
		{43725D72-92C2-458F-B7CB-29705726DF77}.Debug|x64.ActiveCfg = Debug|Any CPU
		{43725D72-92C2-458F-B7CB-29705726DF77}.Debug|x64.Build.0 = Debug|Any CPU
		{43725D72-92C2-458F-B7CB-29705726DF77}.Debug|x86.ActiveCfg = Debug|Any CPU
		{43725D72-92C2-458F-B7CB-29705726DF77}.Debug|x86.Build.0 = Debug|Any CPU
		{43725D72-92C2-458F-B7CB-29705726DF77}.Release|Any CPU.ActiveCfg = Release|Any CPU
		{43725D72-92C2-458F-B7CB-29705726DF77}.Release|Any CPU.Build.0 = Release|Any CPU
		{43725D72-92C2-458F-B7CB-29705726DF77}.Release|x64.ActiveCfg = Release|Any CPU
		{43725D72-92C2-458F-B7CB-29705726DF77}.Release|x64.Build.0 = Release|Any CPU
		{43725D72-92C2-458F-B7CB-29705726DF77}.Release|x86.ActiveCfg = Release|Any CPU
		{43725D72-92C2-458F-B7CB-29705726DF77}.Release|x86.Build.0 = Release|Any CPU
		{30A143A9-F818-45A5-A893-0AAEEE8A3DCF}.Debug|Any CPU.ActiveCfg = Debug|Any CPU
		{30A143A9-F818-45A5-A893-0AAEEE8A3DCF}.Debug|Any CPU.Build.0 = Debug|Any CPU
		{30A143A9-F818-45A5-A893-0AAEEE8A3DCF}.Debug|x64.ActiveCfg = Debug|Any CPU
		{30A143A9-F818-45A5-A893-0AAEEE8A3DCF}.Debug|x64.Build.0 = Debug|Any CPU
		{30A143A9-F818-45A5-A893-0AAEEE8A3DCF}.Debug|x86.ActiveCfg = Debug|Any CPU
		{30A143A9-F818-45A5-A893-0AAEEE8A3DCF}.Debug|x86.Build.0 = Debug|Any CPU
		{30A143A9-F818-45A5-A893-0AAEEE8A3DCF}.Release|Any CPU.ActiveCfg = Release|Any CPU
		{30A143A9-F818-45A5-A893-0AAEEE8A3DCF}.Release|Any CPU.Build.0 = Release|Any CPU
		{30A143A9-F818-45A5-A893-0AAEEE8A3DCF}.Release|x64.ActiveCfg = Release|Any CPU
		{30A143A9-F818-45A5-A893-0AAEEE8A3DCF}.Release|x64.Build.0 = Release|Any CPU
		{30A143A9-F818-45A5-A893-0AAEEE8A3DCF}.Release|x86.ActiveCfg = Release|Any CPU
		{30A143A9-F818-45A5-A893-0AAEEE8A3DCF}.Release|x86.Build.0 = Release|Any CPU
		{A2B3C4D5-E6F7-8901-BCDE-F23456789012}.Debug|Any CPU.ActiveCfg = Debug|Any CPU
		{A2B3C4D5-E6F7-8901-BCDE-F23456789012}.Debug|Any CPU.Build.0 = Debug|Any CPU
		{A2B3C4D5-E6F7-8901-BCDE-F23456789012}.Debug|x64.ActiveCfg = Debug|Any CPU
		{A2B3C4D5-E6F7-8901-BCDE-F23456789012}.Debug|x64.Build.0 = Debug|Any CPU
		{A2B3C4D5-E6F7-8901-BCDE-F23456789012}.Debug|x86.ActiveCfg = Debug|Any CPU
		{A2B3C4D5-E6F7-8901-BCDE-F23456789012}.Debug|x86.Build.0 = Debug|Any CPU
		{A2B3C4D5-E6F7-8901-BCDE-F23456789012}.Release|Any CPU.ActiveCfg = Release|Any CPU
		{A2B3C4D5-E6F7-8901-BCDE-F23456789012}.Release|Any CPU.Build.0 = Release|Any CPU
		{A2B3C4D5-E6F7-8901-BCDE-F23456789012}.Release|x64.ActiveCfg = Release|Any CPU
		{A2B3C4D5-E6F7-8901-BCDE-F23456789012}.Release|x64.Build.0 = Release|Any CPU
		{A2B3C4D5-E6F7-8901-BCDE-F23456789012}.Release|x86.ActiveCfg = Release|Any CPU
		{A2B3C4D5-E6F7-8901-BCDE-F23456789012}.Release|x86.Build.0 = Release|Any CPU
		{C4D5E6F7-A8B9-0123-CDEF-034567890123}.Debug|Any CPU.ActiveCfg = Debug|Any CPU
		{C4D5E6F7-A8B9-0123-CDEF-034567890123}.Debug|Any CPU.Build.0 = Debug|Any CPU
		{C4D5E6F7-A8B9-0123-CDEF-034567890123}.Debug|x64.ActiveCfg = Debug|Any CPU
		{C4D5E6F7-A8B9-0123-CDEF-034567890123}.Debug|x64.Build.0 = Debug|Any CPU
		{C4D5E6F7-A8B9-0123-CDEF-034567890123}.Debug|x86.ActiveCfg = Debug|Any CPU
		{C4D5E6F7-A8B9-0123-CDEF-034567890123}.Debug|x86.Build.0 = Debug|Any CPU
		{C4D5E6F7-A8B9-0123-CDEF-034567890123}.Release|Any CPU.ActiveCfg = Release|Any CPU
		{C4D5E6F7-A8B9-0123-CDEF-034567890123}.Release|Any CPU.Build.0 = Release|Any CPU
		{C4D5E6F7-A8B9-0123-CDEF-034567890123}.Release|x64.ActiveCfg = Release|Any CPU
		{C4D5E6F7-A8B9-0123-CDEF-034567890123}.Release|x64.Build.0 = Release|Any CPU
		{C4D5E6F7-A8B9-0123-CDEF-034567890123}.Release|x86.ActiveCfg = Release|Any CPU
		{C4D5E6F7-A8B9-0123-CDEF-034567890123}.Release|x86.Build.0 = Release|Any CPU
	EndGlobalSection
	GlobalSection(SolutionProperties) = preSolution
		HideSolutionNode = FALSE
	EndGlobalSection
	GlobalSection(NestedProjects) = preSolution
		{A1B2C3D4-E5F6-7890-ABCD-EF1234567890} = {F4B0E327-78A9-4007-8DEE-74F2E880803A}
		{B2C3D4E5-F6A7-8901-BCDE-F12345678901} = {B4B13E8F-584F-4F77-A6E1-7649C990CBE5}
		{C3D4E5F6-A7B8-9012-CDEF-012345678901} = {F4B0E327-78A9-4007-8DEE-74F2E880803A}
		{B1C2D3E4-F5A6-7890-BCDE-F01234567891} = {B4B13E8F-584F-4F77-A6E1-7649C990CBE5}
		{EDF1025A-5190-41F9-A68A-532F8AFE3185} = {F4B0E327-78A9-4007-8DEE-74F2E880803A}
		{76702DFC-4680-4CBC-9DE9-CD891B72B4C6} = {B4B13E8F-584F-4F77-A6E1-7649C990CBE5}
		{F5325A92-11C7-42E1-843A-5DB83814EA24} = {B4B13E8F-584F-4F77-A6E1-7649C990CBE5}
		{43725D72-92C2-458F-B7CB-29705726DF77} = {F4B0E327-78A9-4007-8DEE-74F2E880803A}
		{30A143A9-F818-45A5-A893-0AAEEE8A3DCF} = {B4B13E8F-584F-4F77-A6E1-7649C990CBE5}
		{A2B3C4D5-E6F7-8901-BCDE-F23456789012} = {F4B0E327-78A9-4007-8DEE-74F2E880803A}
		{C4D5E6F7-A8B9-0123-CDEF-034567890123} = {B4B13E8F-584F-4F77-A6E1-7649C990CBE5}
	EndGlobalSection
	GlobalSection(ExtensibilityGlobals) = postSolution
		SolutionGuid = {8478A9AB-3D08-49DF-BE6D-D01341EB3067}
	EndGlobalSection
EndGlobal
