
Microsoft Visual Studio Solution File, Format Version 12.00
# Visual Studio 2013
VisualStudioVersion = 12.0.21005.1
MinimumVisualStudioVersion = 10.0.40219.1
Project("{F2A71F9B-5D33-465A-A702-920D77279786}") = "Deedle.Tests", "tests\Deedle.Tests\Deedle.Tests.fsproj", "{484A96E6-D217-47EE-974C-5D7B3CFB401E}"
	ProjectSection(ProjectDependencies) = postProject
		{22729065-4C30-4E43-A63F-4F3338A03878} = {22729065-4C30-4E43-A63F-4F3338A03878}
	EndProjectSection
EndProject
Project("{FAE04EC0-301F-11D3-BF4B-00C04F79EFBC}") = "Deedle.CSharp.Tests", "tests\Deedle.CSharp.Tests\Deedle.CSharp.Tests.csproj", "{B0584275-6E9D-4DB8-A35D-4F37B623F97E}"
	ProjectSection(ProjectDependencies) = postProject
		{22729065-4C30-4E43-A63F-4F3338A03878} = {22729065-4C30-4E43-A63F-4F3338A03878}
	EndProjectSection
EndProject
Project("{F2A71F9B-5D33-465A-A702-920D77279786}") = "Deedle.Documentation.Tests", "tests\Deedle.Documentation.Tests\Deedle.Documentation.Tests.fsproj", "{79F004B4-093B-49C8-B7BF-7B3EF7CC829E}"
	ProjectSection(ProjectDependencies) = postProject
		{22729065-4C30-4E43-A63F-4F3338A03878} = {22729065-4C30-4E43-A63F-4F3338A03878}
	EndProjectSection
EndProject
Project("{F2A71F9B-5D33-465A-A702-920D77279786}") = "Deedle", "src\Deedle\Deedle.fsproj", "{22729065-4C30-4E43-A63F-4F3338A03878}"
EndProject
Project("{F2A71F9B-5D33-465A-A702-920D77279786}") = "Deedle.PerfTest.Core", "tests\PerformanceTools\Deedle.PerfTest.Core\Deedle.PerfTest.Core.fsproj", "{D1E7603A-AA82-4517-8605-360DC708B0E9}"
EndProject
Project("{F2A71F9B-5D33-465A-A702-920D77279786}") = "Deedle.PerfTest", "tests\PerformanceTools\Deedle.PerfTest\Deedle.PerfTest.fsproj", "{371F8CE6-B031-4589-843F-583FE9180948}"
EndProject
Project("{F2A71F9B-5D33-465A-A702-920D77279786}") = "Deedle.PerfTests", "tests\Deedle.PerfTests\Deedle.PerfTests.fsproj", "{0275C56B-9A00-4578-A826-A6CF1F089086}"
	ProjectSection(ProjectDependencies) = postProject
		{D1E7603A-AA82-4517-8605-360DC708B0E9} = {D1E7603A-AA82-4517-8605-360DC708B0E9}
		{371F8CE6-B031-4589-843F-583FE9180948} = {371F8CE6-B031-4589-843F-583FE9180948}
	EndProjectSection
EndProject
Global
	GlobalSection(SolutionConfigurationPlatforms) = preSolution
		Debug|Any CPU = Debug|Any CPU
		Release|Any CPU = Release|Any CPU
	EndGlobalSection
	GlobalSection(ProjectConfigurationPlatforms) = postSolution
		{484A96E6-D217-47EE-974C-5D7B3CFB401E}.Debug|Any CPU.ActiveCfg = Debug|Any CPU
		{484A96E6-D217-47EE-974C-5D7B3CFB401E}.Debug|Any CPU.Build.0 = Debug|Any CPU
		{484A96E6-D217-47EE-974C-5D7B3CFB401E}.Release|Any CPU.ActiveCfg = Release|Any CPU
		{484A96E6-D217-47EE-974C-5D7B3CFB401E}.Release|Any CPU.Build.0 = Release|Any CPU
		{B0584275-6E9D-4DB8-A35D-4F37B623F97E}.Debug|Any CPU.ActiveCfg = Debug|Any CPU
		{B0584275-6E9D-4DB8-A35D-4F37B623F97E}.Debug|Any CPU.Build.0 = Debug|Any CPU
		{B0584275-6E9D-4DB8-A35D-4F37B623F97E}.Release|Any CPU.ActiveCfg = Release|Any CPU
		{B0584275-6E9D-4DB8-A35D-4F37B623F97E}.Release|Any CPU.Build.0 = Release|Any CPU
		{79F004B4-093B-49C8-B7BF-7B3EF7CC829E}.Debug|Any CPU.ActiveCfg = Debug|Any CPU
		{79F004B4-093B-49C8-B7BF-7B3EF7CC829E}.Debug|Any CPU.Build.0 = Debug|Any CPU
		{79F004B4-093B-49C8-B7BF-7B3EF7CC829E}.Release|Any CPU.ActiveCfg = Release|Any CPU
		{79F004B4-093B-49C8-B7BF-7B3EF7CC829E}.Release|Any CPU.Build.0 = Release|Any CPU
		{22729065-4C30-4E43-A63F-4F3338A03878}.Debug|Any CPU.ActiveCfg = Debug|Any CPU
		{22729065-4C30-4E43-A63F-4F3338A03878}.Debug|Any CPU.Build.0 = Debug|Any CPU
		{22729065-4C30-4E43-A63F-4F3338A03878}.Release|Any CPU.ActiveCfg = Release|Any CPU
		{22729065-4C30-4E43-A63F-4F3338A03878}.Release|Any CPU.Build.0 = Release|Any CPU
		{D1E7603A-AA82-4517-8605-360DC708B0E9}.Debug|Any CPU.ActiveCfg = Debug|Any CPU
		{D1E7603A-AA82-4517-8605-360DC708B0E9}.Debug|Any CPU.Build.0 = Debug|Any CPU
		{D1E7603A-AA82-4517-8605-360DC708B0E9}.Release|Any CPU.ActiveCfg = Release|Any CPU
		{D1E7603A-AA82-4517-8605-360DC708B0E9}.Release|Any CPU.Build.0 = Release|Any CPU
		{371F8CE6-B031-4589-843F-583FE9180948}.Debug|Any CPU.ActiveCfg = Debug|Any CPU
		{371F8CE6-B031-4589-843F-583FE9180948}.Debug|Any CPU.Build.0 = Debug|Any CPU
		{371F8CE6-B031-4589-843F-583FE9180948}.Release|Any CPU.ActiveCfg = Release|Any CPU
		{371F8CE6-B031-4589-843F-583FE9180948}.Release|Any CPU.Build.0 = Release|Any CPU
		{0275C56B-9A00-4578-A826-A6CF1F089086}.Debug|Any CPU.ActiveCfg = Debug|Any CPU
		{0275C56B-9A00-4578-A826-A6CF1F089086}.Debug|Any CPU.Build.0 = Debug|Any CPU
		{0275C56B-9A00-4578-A826-A6CF1F089086}.Release|Any CPU.ActiveCfg = Release|Any CPU
		{0275C56B-9A00-4578-A826-A6CF1F089086}.Release|Any CPU.Build.0 = Release|Any CPU
	EndGlobalSection
	GlobalSection(SolutionProperties) = preSolution
		HideSolutionNode = FALSE
	EndGlobalSection
EndGlobal
