Microsoft Visual Studio Solution File, Format Version 12.00
# Visual Studio 2013
VisualStudioVersion = 12.0.31101.0
MinimumVisualStudioVersion = 10.0.40219.1
Project("{2150E333-8FDC-42A3-9474-1A3956D46DE8}") = ".paket", ".paket", "{ACC11088-D082-4141-BBA5-B80209449475}"
	ProjectSection(SolutionItems) = preProject
		paket.dependencies = paket.dependencies
		paket.lock = paket.lock
	EndProjectSection
EndProject
Project("{F2A71F9B-5D33-465A-A702-920D77279786}") = "Deedle.Tests", "tests\Deedle.Tests\Deedle.Tests.fsproj", "{484A96E6-D217-47EE-974C-5D7B3CFB401E}"
EndProject
Project("{F2A71F9B-5D33-465A-A702-920D77279786}") = "Deedle.Tests.Console", "tests\Deedle.Tests.Console\Deedle.Tests.Console.fsproj", "{09D8960B-9703-425E-AF0B-FA39525F5B9C}"
EndProject
Project("{FAE04EC0-301F-11D3-BF4B-00C04F79EFBC}") = "Deedle.CSharp.Tests", "tests\Deedle.CSharp.Tests\Deedle.CSharp.Tests.csproj", "{B0584275-6E9D-4DB8-A35D-4F37B623F97E}"
EndProject
Project("{F2A71F9B-5D33-465A-A702-920D77279786}") = "Deedle.Documentation.Tests", "tests\Deedle.Documentation.Tests\Deedle.Documentation.Tests.fsproj", "{79F004B4-093B-49C8-B7BF-7B3EF7CC829E}"
EndProject
Project("{F2A71F9B-5D33-465A-A702-920D77279786}") = "Deedle.RPlugin.Tests", "tests\Deedle.RPlugin.Tests\Deedle.RPlugin.Tests.fsproj", "{51D38BDE-02E7-45D4-A135-DC478B7C57E9}"
EndProject
Project("{F2A71F9B-5D33-465A-A702-920D77279786}") = "Deedle.PerfTests", "tests\Deedle.PerfTests\Deedle.PerfTests.fsproj", "{0275C56B-9A00-4578-A826-A6CF1F089086}"
EndProject
Project("{2150E333-8FDC-42A3-9474-1A3956D46DE8}") = "Performance", "Performance", "{DEA1237A-77B6-4988-AC8C-065C546435BB}"
	ProjectSection(SolutionItems) = preProject
		tests\PerformanceTools\performance.fsx = tests\PerformanceTools\performance.fsx
	EndProjectSection
EndProject
Global
	GlobalSection(SolutionConfigurationPlatforms) = preSolution
		Debug|Any CPU = Debug|Any CPU
		Release|Any CPU = Release|Any CPU
	EndGlobalSection
	GlobalSection(ProjectConfigurationPlatforms) = postSolution
		{484A96E6-D217-47EE-974C-5D7B3CFB401E}.Debug|Any CPU.ActiveCfg = Debug|Any CPU
		{484A96E6-D217-47EE-974C-5D7B3CFB401E}.Debug|Any CPU.Build.0 = Debug|Any CPU
		{484A96E6-D217-47EE-974C-5D7B3CFB401E}.Release|Any CPU.ActiveCfg = Release|Any CPU
		{484A96E6-D217-47EE-974C-5D7B3CFB401E}.Release|Any CPU.Build.0 = Release|Any CPU
		{09D8960B-9703-425E-AF0B-FA39525F5B9C}.Debug|Any CPU.ActiveCfg = Debug|Any CPU
		{09D8960B-9703-425E-AF0B-FA39525F5B9C}.Debug|Any CPU.Build.0 = Debug|Any CPU
		{09D8960B-9703-425E-AF0B-FA39525F5B9C}.Release|Any CPU.ActiveCfg = Release|Any CPU
		{09D8960B-9703-425E-AF0B-FA39525F5B9C}.Release|Any CPU.Build.0 = Release|Any CPU
		{B0584275-6E9D-4DB8-A35D-4F37B623F97E}.Debug|Any CPU.ActiveCfg = Debug|Any CPU
		{B0584275-6E9D-4DB8-A35D-4F37B623F97E}.Debug|Any CPU.Build.0 = Debug|Any CPU
		{B0584275-6E9D-4DB8-A35D-4F37B623F97E}.Release|Any CPU.ActiveCfg = Release|Any CPU
		{B0584275-6E9D-4DB8-A35D-4F37B623F97E}.Release|Any CPU.Build.0 = Release|Any CPU
		{79F004B4-093B-49C8-B7BF-7B3EF7CC829E}.Debug|Any CPU.ActiveCfg = Debug|Any CPU
		{79F004B4-093B-49C8-B7BF-7B3EF7CC829E}.Debug|Any CPU.Build.0 = Debug|Any CPU
		{79F004B4-093B-49C8-B7BF-7B3EF7CC829E}.Release|Any CPU.ActiveCfg = Release|Any CPU
		{79F004B4-093B-49C8-B7BF-7B3EF7CC829E}.Release|Any CPU.Build.0 = Release|Any CPU
		{51D38BDE-02E7-45D4-A135-DC478B7C57E9}.Debug|Any CPU.ActiveCfg = Debug|Any CPU
		{51D38BDE-02E7-45D4-A135-DC478B7C57E9}.Debug|Any CPU.Build.0 = Debug|Any CPU
		{51D38BDE-02E7-45D4-A135-DC478B7C57E9}.Release|Any CPU.ActiveCfg = Release|Any CPU
		{51D38BDE-02E7-45D4-A135-DC478B7C57E9}.Release|Any CPU.Build.0 = Release|Any CPU
		{0275C56B-9A00-4578-A826-A6CF1F089086}.Debug|Any CPU.ActiveCfg = Debug|Any CPU
		{0275C56B-9A00-4578-A826-A6CF1F089086}.Debug|Any CPU.Build.0 = Debug|Any CPU
		{0275C56B-9A00-4578-A826-A6CF1F089086}.Release|Any CPU.ActiveCfg = Release|Any CPU
		{0275C56B-9A00-4578-A826-A6CF1F089086}.Release|Any CPU.Build.0 = Release|Any CPU
	EndGlobalSection
	GlobalSection(SolutionProperties) = preSolution
		HideSolutionNode = FALSE
	EndGlobalSection
EndGlobal
